<Solution>
  <Configurations>
    <Platform Name="Any CPU" />
    <Platform Name="x64" />
    <Platform Name="x86" />
  </Configurations>
  <Folder Name="/src/">
    <Project Path="src/ExplicitMidpointRoundingAnalyzer.CodeFixes/ExplicitMidpointRoundingAnalyzer.CodeFixes.csproj" />
    <Project Path="src/ExplicitMidpointRoundingAnalyzer/ExplicitMidpointRoundingAnalyzer.csproj" />
  </Folder>
  <Folder Name="/tests/">
    <Project Path="tests/ExplicitMidpointRoundingAnalyzer.Tests/ExplicitMidpointRoundingAnalyzer.Tests.csproj" />
  </Folder>
</Solution>
